<?xml version="1.0" encoding="utf-8"?>
<Project ToolsVersion="4.0" xmlns="http://schemas.microsoft.com/developer/msbuild/2003">
  <ItemGroup>
    <Filter Include="Source Files">
      <UniqueIdentifier>{4FC737F1-C7A5-4376-A066-2A32D752A2FF}</UniqueIdentifier>
      <Extensions>cpp;c;cc;cxx;def;odl;idl;hpj;bat;asm;asmx</Extensions>
    </Filter>
    <Filter Include="Header Files">
      <UniqueIdentifier>{93995380-89BD-4b04-88EB-625FBE52EBFB}</UniqueIdentifier>
      <Extensions>h;hh;hpp;hxx;hm;inl;inc;xsd</Extensions>
    </Filter>
    <Filter Include="Resource Files">
      <UniqueIdentifier>{67DA6AB6-F800-4c08-8B7A-83BB121AAD01}</UniqueIdentifier>
      <Extensions>rc;ico;cur;bmp;dlg;rc2;rct;bin;rgs;gif;jpg;jpeg;jpe;resx;tiff;tif;png;wav;mfcribbon-ms</Extensions>
    </Filter>
  </ItemGroup>
  <ItemGroup>
    <ClCompile Include="..\fw\beacon.c">
      <Filter>Source Files</Filter>
    </ClCompile>
    <ClCompile Include="..\fw\cloak.c">
      <Filter>Source Files</Filter>
    </ClCompile>
    <ClCompile Include="..\fw\handlers.c">
      <Filter>Source Files</Filter>
    </ClCompile>
    <ClCompile Include="..\fw\init.c">
      <Filter>Source Files</Filter>
    </ClCompile>
    <ClCompile Include="..\fw\lgate.c">
      <Filter>Source Files</Filter>
    </ClCompile>
    <ClCompile Include="..\fw\main.c">
      <Filter>Source Files</Filter>
    </ClCompile>
    <ClCompile Include="..\fw\nvram.c">
      <Filter>Source Files</Filter>
    </ClCompile>
    <ClCompile Include="..\fw\phy.c">
      <Filter>Source Files</Filter>
    </ClCompile>
    <ClCompile Include="..\fw\rx.c">
      <Filter>Source Files</Filter>
    </ClCompile>
    <ClCompile Include="..\fw\tx.c">
      <Filter>Source Files</Filter>
    </ClCompile>
    <ClCompile Include="..\fw\util.c">
      <Filter>Source Files</Filter>
    </ClCompile>
  </ItemGroup>
  <ItemGroup>
    <ClInclude Include="..\include\asf.h">
      <Filter>Header Files</Filter>
    </ClInclude>
    <ClInclude Include="..\include\bd.h">
      <Filter>Header Files</Filter>
    </ClInclude>
    <ClInclude Include="..\include\bdrdma.h">
      <Filter>Header Files</Filter>
    </ClInclude>
    <ClInclude Include="..\include\bufman.h">
      <Filter>Header Files</Filter>
    </ClInclude>
    <ClInclude Include="..\include\cfg_port.h">
      <Filter>Header Files</Filter>
    </ClInclude>
    <ClInclude Include="..\include\cpmu.h">
      <Filter>Header Files</Filter>
    </ClInclude>
    <ClInclude Include="..\include\cpu.h">
      <Filter>Header Files</Filter>
    </ClInclude>
    <ClInclude Include="..\include\cr_port.h">
      <Filter>Header Files</Filter>
    </ClInclude>
    <ClInclude Include="..\include\dma.h">
      <Filter>Header Files</Filter>
    </ClInclude>
    <ClInclude Include="..\include\dmac.h">
      <Filter>Header Files</Filter>
    </ClInclude>
    <ClInclude Include="..\include\emac.h">
      <Filter>Header Files</Filter>
    </ClInclude>
    <ClInclude Include="..\include\frame.h">
      <Filter>Header Files</Filter>
    </ClInclude>
    <ClInclude Include="..\include\ftq.h">
      <Filter>Header Files</Filter>
    </ClInclude>
    <ClInclude Include="..\include\gencomm.h">
      <Filter>Header Files</Filter>
    </ClInclude>
    <ClInclude Include="..\include\grc.h">
      <Filter>Header Files</Filter>
    </ClInclude>
    <ClInclude Include="..\include\hc.h">
      <Filter>Header Files</Filter>
    </ClInclude>
    <ClInclude Include="..\include\ma.h">
      <Filter>Header Files</Filter>
    </ClInclude>
    <ClInclude Include="..\include\mbox.h">
      <Filter>Header Files</Filter>
    </ClInclude>
    <ClInclude Include="..\include\mbuf.h">
      <Filter>Header Files</Filter>
    </ClInclude>
    <ClInclude Include="..\include\msi.h">
      <Filter>Header Files</Filter>
    </ClInclude>
    <ClInclude Include="..\include\nrdma.h">
      <Filter>Header Files</Filter>
    </ClInclude>
    <ClInclude Include="..\include\nvram.h">
      <Filter>Header Files</Filter>
    </ClInclude>
    <ClInclude Include="..\include\otp.h">
      <Filter>Header Files</Filter>
    </ClInclude>
    <ClInclude Include="..\include\pci.h">
      <Filter>Header Files</Filter>
    </ClInclude>
    <ClInclude Include="..\include\pcie.h">
      <Filter>Header Files</Filter>
    </ClInclude>
    <ClInclude Include="..\include\pcie_alt.h">
      <Filter>Header Files</Filter>
    </ClInclude>
    <ClInclude Include="..\include\proto.h">
      <Filter>Header Files</Filter>
    </ClInclude>
    <ClInclude Include="..\include\rbdc.h">
      <Filter>Header Files</Filter>
    </ClInclude>
    <ClInclude Include="..\include\rbdi.h">
      <Filter>Header Files</Filter>
    </ClInclude>
    <ClInclude Include="..\include\rbdrules.h">
      <Filter>Header Files</Filter>
    </ClInclude>
    <ClInclude Include="..\include\rcb.h">
      <Filter>Header Files</Filter>
    </ClInclude>
    <ClInclude Include="..\include\rdc.h">
      <Filter>Header Files</Filter>
    </ClInclude>
    <ClInclude Include="..\include\rdi.h">
      <Filter>Header Files</Filter>
    </ClInclude>
    <ClInclude Include="..\include\rdma.h">
      <Filter>Header Files</Filter>
    </ClInclude>
    <ClInclude Include="..\include\regdef.h">
      <Filter>Header Files</Filter>
    </ClInclude>
    <ClInclude Include="..\include\rlp.h">
      <Filter>Header Files</Filter>
    </ClInclude>
    <ClInclude Include="..\include\rss.h">
      <Filter>Header Files</Filter>
    </ClInclude>
    <ClInclude Include="..\include\rtsdi.h">
      <Filter>Header Files</Filter>
    </ClInclude>
    <ClInclude Include="..\include\sbdc.h">
      <Filter>Header Files</Filter>
    </ClInclude>
    <ClInclude Include="..\include\sbdi.h">
      <Filter>Header Files</Filter>
    </ClInclude>
    <ClInclude Include="..\include\sbds.h">
      <Filter>Header Files</Filter>
    </ClInclude>
    <ClInclude Include="..\include\sdc.h">
      <Filter>Header Files</Filter>
    </ClInclude>
    <ClInclude Include="..\include\sdi.h">
      <Filter>Header Files</Filter>
    </ClInclude>
    <ClInclude Include="..\include\stats.h">
      <Filter>Header Files</Filter>
    </ClInclude>
    <ClInclude Include="..\include\status_block.h">
      <Filter>Header Files</Filter>
    </ClInclude>
    <ClInclude Include="..\include\tcp_seg_ctrl.h">
      <Filter>Header Files</Filter>
    </ClInclude>
    <ClInclude Include="..\include\utypes.h">
      <Filter>Header Files</Filter>
    </ClInclude>
    <ClInclude Include="..\include\wdma.h">
      <Filter>Header Files</Filter>
    </ClInclude>
    <ClInclude Include="..\fw\fw.h">
      <Filter>Header Files</Filter>
    </ClInclude>
    <ClInclude Include="..\fw\config.h">
      <Filter>Header Files</Filter>
    </ClInclude>
    <ClInclude Include="..\fw\map.h">
      <Filter>Header Files</Filter>
    </ClInclude>
    <ClInclude Include="..\fw\state.h">
      <Filter>Header Files</Filter>
    </ClInclude>
  </ItemGroup>
  <ItemGroup>
    <None Include="..\fw\Makefile">
      <Filter>Resource Files</Filter>
    </None>
  </ItemGroup>
</Project>