
Microsoft Visual Studio Solution File, Format Version 12.00
# Visual Studio 14
VisualStudioVersion = 14.0.24720.0
MinimumVisualStudioVersion = 10.0.40219.1
Project("{8BC9CEB8-8B4A-11D0-8D11-00A0C91BC942}") = "tgwink", "tgwink\tgwink.vcxproj", "{7302BBB6-57ED-4EE6-A055-24D763015986}"
EndProject
Project("{8BC9CEB8-8B4A-11D0-8D11-00A0C91BC942}") = "tgwintest", "tgwintest\tgwintest.vcxproj", "{660E93C9-7352-4CFD-908D-F4F327292659}"
EndProject
Project("{888888A0-9F3D-457C-B088-3A5042F75D52}") = "tgcui", "tgcui.pyproj", "{B149A4A0-A407-4756-A6F2-B8041DE3F74A}"
EndProject
Project("{2150E333-8FDC-42A3-9474-1A3956D46DE8}") = "Solution Items", "Solution Items", "{1D27003B-E847-45D6-AC1D-877EC1E7D6DC}"
	ProjectSection(SolutionItems) = preProject
		..\README.firmware.md = ..\README.firmware.md
		..\README.linux.md = ..\README.linux.md
		..\README.md = ..\README.md
		..\README.windows.md = ..\README.windows.md
	EndProjectSection
EndProject
Global
	GlobalSection(SolutionConfigurationPlatforms) = preSolution
		Debug|Any CPU = Debug|Any CPU
		Debug|x64 = Debug|x64
		Release|Any CPU = Release|Any CPU
		Release|x64 = Release|x64
	EndGlobalSection
	GlobalSection(ProjectConfigurationPlatforms) = postSolution
		{7302BBB6-57ED-4EE6-A055-24D763015986}.Debug|Any CPU.ActiveCfg = Debug|x64
		{7302BBB6-57ED-4EE6-A055-24D763015986}.Debug|x64.ActiveCfg = Debug|x64
		{7302BBB6-57ED-4EE6-A055-24D763015986}.Debug|x64.Build.0 = Debug|x64
		{7302BBB6-57ED-4EE6-A055-24D763015986}.Debug|x64.Deploy.0 = Debug|x64
		{7302BBB6-57ED-4EE6-A055-24D763015986}.Release|Any CPU.ActiveCfg = Release|x64
		{7302BBB6-57ED-4EE6-A055-24D763015986}.Release|x64.ActiveCfg = Release|x64
		{7302BBB6-57ED-4EE6-A055-24D763015986}.Release|x64.Build.0 = Release|x64
		{660E93C9-7352-4CFD-908D-F4F327292659}.Debug|Any CPU.ActiveCfg = Debug|Win32
		{660E93C9-7352-4CFD-908D-F4F327292659}.Debug|x64.ActiveCfg = Debug|x64
		{660E93C9-7352-4CFD-908D-F4F327292659}.Debug|x64.Build.0 = Debug|x64
		{660E93C9-7352-4CFD-908D-F4F327292659}.Release|Any CPU.ActiveCfg = Release|Win32
		{660E93C9-7352-4CFD-908D-F4F327292659}.Release|x64.ActiveCfg = Release|x64
		{660E93C9-7352-4CFD-908D-F4F327292659}.Release|x64.Build.0 = Release|x64
		{B149A4A0-A407-4756-A6F2-B8041DE3F74A}.Debug|Any CPU.ActiveCfg = Debug|Any CPU
		{B149A4A0-A407-4756-A6F2-B8041DE3F74A}.Debug|x64.ActiveCfg = Debug|Any CPU
		{B149A4A0-A407-4756-A6F2-B8041DE3F74A}.Release|Any CPU.ActiveCfg = Release|Any CPU
		{B149A4A0-A407-4756-A6F2-B8041DE3F74A}.Release|x64.ActiveCfg = Release|Any CPU
	EndGlobalSection
	GlobalSection(SolutionProperties) = preSolution
		HideSolutionNode = FALSE
	EndGlobalSection
EndGlobal
